
Microsoft Visual Studio Solution File, Format Version 12.00
# Visual Studio 15
VisualStudioVersion = 15.0.27703.2035
MinimumVisualStudioVersion = 10.0.40219.1
Project("{FAE04EC0-301F-11D3-BF4B-00C04F79EFBC}") = "SouthernCuisine.Android", "SouthernCuisine\SouthernCuisine.Android\SouthernCuisine.Android.csproj", "{6C0C28FA-1D7C-4578-AF75-8A131079C247}"
EndProject
Project("{FAE04EC0-301F-11D3-BF4B-00C04F79EFBC}") = "SouthernCuisine.iOS", "SouthernCuisine\SouthernCuisine.iOS\SouthernCuisine.iOS.csproj", "{383907EF-700E-4A43-B4F5-F4AE26EA1AC6}"
EndProject
Project("{FAE04EC0-301F-11D3-BF4B-00C04F79EFBC}") = "SouthernCuisine", "SouthernCuisine\SouthernCuisine\SouthernCuisine.csproj", "{0D170196-59DC-438B-A51E-CA5F53CDFDD3}"
EndProject
Global
	GlobalSection(SolutionConfigurationPlatforms) = preSolution
		Ad-Hoc|Any CPU = Ad-Hoc|Any CPU
		Ad-Hoc|iPhone = Ad-Hoc|iPhone
		Ad-Hoc|iPhoneSimulator = Ad-Hoc|iPhoneSimulator
		AppStore|Any CPU = AppStore|Any CPU
		AppStore|iPhone = AppStore|iPhone
		AppStore|iPhoneSimulator = AppStore|iPhoneSimulator
		Debug|Any CPU = Debug|Any CPU
		Debug|iPhone = Debug|iPhone
		Debug|iPhoneSimulator = Debug|iPhoneSimulator
		Release|Any CPU = Release|Any CPU
		Release|iPhone = Release|iPhone
		Release|iPhoneSimulator = Release|iPhoneSimulator
	EndGlobalSection
	GlobalSection(ProjectConfigurationPlatforms) = postSolution
		{6C0C28FA-1D7C-4578-AF75-8A131079C247}.Ad-Hoc|Any CPU.ActiveCfg = Release|Any CPU
		{6C0C28FA-1D7C-4578-AF75-8A131079C247}.Ad-Hoc|Any CPU.Build.0 = Release|Any CPU
		{6C0C28FA-1D7C-4578-AF75-8A131079C247}.Ad-Hoc|Any CPU.Deploy.0 = Release|Any CPU
		{6C0C28FA-1D7C-4578-AF75-8A131079C247}.Ad-Hoc|iPhone.ActiveCfg = Release|Any CPU
		{6C0C28FA-1D7C-4578-AF75-8A131079C247}.Ad-Hoc|iPhone.Build.0 = Release|Any CPU
		{6C0C28FA-1D7C-4578-AF75-8A131079C247}.Ad-Hoc|iPhone.Deploy.0 = Release|Any CPU
		{6C0C28FA-1D7C-4578-AF75-8A131079C247}.Ad-Hoc|iPhoneSimulator.ActiveCfg = Release|Any CPU
		{6C0C28FA-1D7C-4578-AF75-8A131079C247}.Ad-Hoc|iPhoneSimulator.Build.0 = Release|Any CPU
		{6C0C28FA-1D7C-4578-AF75-8A131079C247}.Ad-Hoc|iPhoneSimulator.Deploy.0 = Release|Any CPU
		{6C0C28FA-1D7C-4578-AF75-8A131079C247}.AppStore|Any CPU.ActiveCfg = Release|Any CPU
		{6C0C28FA-1D7C-4578-AF75-8A131079C247}.AppStore|Any CPU.Build.0 = Release|Any CPU
		{6C0C28FA-1D7C-4578-AF75-8A131079C247}.AppStore|Any CPU.Deploy.0 = Release|Any CPU
		{6C0C28FA-1D7C-4578-AF75-8A131079C247}.AppStore|iPhone.ActiveCfg = Release|Any CPU
		{6C0C28FA-1D7C-4578-AF75-8A131079C247}.AppStore|iPhone.Build.0 = Release|Any CPU
		{6C0C28FA-1D7C-4578-AF75-8A131079C247}.AppStore|iPhone.Deploy.0 = Release|Any CPU
		{6C0C28FA-1D7C-4578-AF75-8A131079C247}.AppStore|iPhoneSimulator.ActiveCfg = Release|Any CPU
		{6C0C28FA-1D7C-4578-AF75-8A131079C247}.AppStore|iPhoneSimulator.Build.0 = Release|Any CPU
		{6C0C28FA-1D7C-4578-AF75-8A131079C247}.AppStore|iPhoneSimulator.Deploy.0 = Release|Any CPU
		{6C0C28FA-1D7C-4578-AF75-8A131079C247}.Debug|Any CPU.ActiveCfg = Debug|Any CPU
		{6C0C28FA-1D7C-4578-AF75-8A131079C247}.Debug|Any CPU.Build.0 = Debug|Any CPU
		{6C0C28FA-1D7C-4578-AF75-8A131079C247}.Debug|Any CPU.Deploy.0 = Debug|Any CPU
		{6C0C28FA-1D7C-4578-AF75-8A131079C247}.Debug|iPhone.ActiveCfg = Debug|Any CPU
		{6C0C28FA-1D7C-4578-AF75-8A131079C247}.Debug|iPhone.Build.0 = Debug|Any CPU
		{6C0C28FA-1D7C-4578-AF75-8A131079C247}.Debug|iPhone.Deploy.0 = Debug|Any CPU
		{6C0C28FA-1D7C-4578-AF75-8A131079C247}.Debug|iPhoneSimulator.ActiveCfg = Debug|Any CPU
		{6C0C28FA-1D7C-4578-AF75-8A131079C247}.Debug|iPhoneSimulator.Build.0 = Debug|Any CPU
		{6C0C28FA-1D7C-4578-AF75-8A131079C247}.Debug|iPhoneSimulator.Deploy.0 = Debug|Any CPU
		{6C0C28FA-1D7C-4578-AF75-8A131079C247}.Release|Any CPU.ActiveCfg = Release|Any CPU
		{6C0C28FA-1D7C-4578-AF75-8A131079C247}.Release|Any CPU.Build.0 = Release|Any CPU
		{6C0C28FA-1D7C-4578-AF75-8A131079C247}.Release|Any CPU.Deploy.0 = Release|Any CPU
		{6C0C28FA-1D7C-4578-AF75-8A131079C247}.Release|iPhone.ActiveCfg = Release|Any CPU
		{6C0C28FA-1D7C-4578-AF75-8A131079C247}.Release|iPhone.Build.0 = Release|Any CPU
		{6C0C28FA-1D7C-4578-AF75-8A131079C247}.Release|iPhone.Deploy.0 = Release|Any CPU
		{6C0C28FA-1D7C-4578-AF75-8A131079C247}.Release|iPhoneSimulator.ActiveCfg = Release|Any CPU
		{6C0C28FA-1D7C-4578-AF75-8A131079C247}.Release|iPhoneSimulator.Build.0 = Release|Any CPU
		{6C0C28FA-1D7C-4578-AF75-8A131079C247}.Release|iPhoneSimulator.Deploy.0 = Release|Any CPU
		{383907EF-700E-4A43-B4F5-F4AE26EA1AC6}.Ad-Hoc|Any CPU.ActiveCfg = Ad-Hoc|iPhone
		{383907EF-700E-4A43-B4F5-F4AE26EA1AC6}.Ad-Hoc|Any CPU.Build.0 = Ad-Hoc|iPhone
		{383907EF-700E-4A43-B4F5-F4AE26EA1AC6}.Ad-Hoc|Any CPU.Deploy.0 = Ad-Hoc|iPhone
		{383907EF-700E-4A43-B4F5-F4AE26EA1AC6}.Ad-Hoc|iPhone.ActiveCfg = Ad-Hoc|iPhone
		{383907EF-700E-4A43-B4F5-F4AE26EA1AC6}.Ad-Hoc|iPhone.Build.0 = Ad-Hoc|iPhone
		{383907EF-700E-4A43-B4F5-F4AE26EA1AC6}.Ad-Hoc|iPhone.Deploy.0 = Ad-Hoc|iPhone
		{383907EF-700E-4A43-B4F5-F4AE26EA1AC6}.Ad-Hoc|iPhoneSimulator.ActiveCfg = Ad-Hoc|iPhoneSimulator
		{383907EF-700E-4A43-B4F5-F4AE26EA1AC6}.Ad-Hoc|iPhoneSimulator.Build.0 = Ad-Hoc|iPhoneSimulator
		{383907EF-700E-4A43-B4F5-F4AE26EA1AC6}.Ad-Hoc|iPhoneSimulator.Deploy.0 = Ad-Hoc|iPhoneSimulator
		{383907EF-700E-4A43-B4F5-F4AE26EA1AC6}.AppStore|Any CPU.ActiveCfg = AppStore|iPhone
		{383907EF-700E-4A43-B4F5-F4AE26EA1AC6}.AppStore|Any CPU.Build.0 = AppStore|iPhone
		{383907EF-700E-4A43-B4F5-F4AE26EA1AC6}.AppStore|Any CPU.Deploy.0 = AppStore|iPhone
		{383907EF-700E-4A43-B4F5-F4AE26EA1AC6}.AppStore|iPhone.ActiveCfg = AppStore|iPhone
		{383907EF-700E-4A43-B4F5-F4AE26EA1AC6}.AppStore|iPhone.Build.0 = AppStore|iPhone
		{383907EF-700E-4A43-B4F5-F4AE26EA1AC6}.AppStore|iPhone.Deploy.0 = AppStore|iPhone
		{383907EF-700E-4A43-B4F5-F4AE26EA1AC6}.AppStore|iPhoneSimulator.ActiveCfg = AppStore|iPhoneSimulator
		{383907EF-700E-4A43-B4F5-F4AE26EA1AC6}.AppStore|iPhoneSimulator.Build.0 = AppStore|iPhoneSimulator
		{383907EF-700E-4A43-B4F5-F4AE26EA1AC6}.AppStore|iPhoneSimulator.Deploy.0 = AppStore|iPhoneSimulator
		{383907EF-700E-4A43-B4F5-F4AE26EA1AC6}.Debug|Any CPU.ActiveCfg = Debug|iPhoneSimulator
		{383907EF-700E-4A43-B4F5-F4AE26EA1AC6}.Debug|Any CPU.Build.0 = Debug|iPhoneSimulator
		{383907EF-700E-4A43-B4F5-F4AE26EA1AC6}.Debug|Any CPU.Deploy.0 = Debug|iPhoneSimulator
		{383907EF-700E-4A43-B4F5-F4AE26EA1AC6}.Debug|iPhone.ActiveCfg = Debug|iPhone
		{383907EF-700E-4A43-B4F5-F4AE26EA1AC6}.Debug|iPhone.Build.0 = Debug|iPhone
		{383907EF-700E-4A43-B4F5-F4AE26EA1AC6}.Debug|iPhone.Deploy.0 = Debug|iPhone
		{383907EF-700E-4A43-B4F5-F4AE26EA1AC6}.Debug|iPhoneSimulator.ActiveCfg = Debug|iPhoneSimulator
		{383907EF-700E-4A43-B4F5-F4AE26EA1AC6}.Debug|iPhoneSimulator.Build.0 = Debug|iPhoneSimulator
		{383907EF-700E-4A43-B4F5-F4AE26EA1AC6}.Debug|iPhoneSimulator.Deploy.0 = Debug|iPhoneSimulator
		{383907EF-700E-4A43-B4F5-F4AE26EA1AC6}.Release|Any CPU.ActiveCfg = Release|iPhone
		{383907EF-700E-4A43-B4F5-F4AE26EA1AC6}.Release|Any CPU.Build.0 = Release|iPhone
		{383907EF-700E-4A43-B4F5-F4AE26EA1AC6}.Release|Any CPU.Deploy.0 = Release|iPhone
		{383907EF-700E-4A43-B4F5-F4AE26EA1AC6}.Release|iPhone.ActiveCfg = Release|iPhone
		{383907EF-700E-4A43-B4F5-F4AE26EA1AC6}.Release|iPhone.Build.0 = Release|iPhone
		{383907EF-700E-4A43-B4F5-F4AE26EA1AC6}.Release|iPhone.Deploy.0 = Release|iPhone
		{383907EF-700E-4A43-B4F5-F4AE26EA1AC6}.Release|iPhoneSimulator.ActiveCfg = Release|iPhoneSimulator
		{383907EF-700E-4A43-B4F5-F4AE26EA1AC6}.Release|iPhoneSimulator.Build.0 = Release|iPhoneSimulator
		{383907EF-700E-4A43-B4F5-F4AE26EA1AC6}.Release|iPhoneSimulator.Deploy.0 = Release|iPhoneSimulator
		{0D170196-59DC-438B-A51E-CA5F53CDFDD3}.Ad-Hoc|Any CPU.ActiveCfg = Debug|Any CPU
		{0D170196-59DC-438B-A51E-CA5F53CDFDD3}.Ad-Hoc|Any CPU.Build.0 = Debug|Any CPU
		{0D170196-59DC-438B-A51E-CA5F53CDFDD3}.Ad-Hoc|Any CPU.Deploy.0 = Debug|Any CPU
		{0D170196-59DC-438B-A51E-CA5F53CDFDD3}.Ad-Hoc|iPhone.ActiveCfg = Debug|Any CPU
		{0D170196-59DC-438B-A51E-CA5F53CDFDD3}.Ad-Hoc|iPhone.Build.0 = Debug|Any CPU
		{0D170196-59DC-438B-A51E-CA5F53CDFDD3}.Ad-Hoc|iPhone.Deploy.0 = Debug|Any CPU
		{0D170196-59DC-438B-A51E-CA5F53CDFDD3}.Ad-Hoc|iPhoneSimulator.ActiveCfg = Debug|Any CPU
		{0D170196-59DC-438B-A51E-CA5F53CDFDD3}.Ad-Hoc|iPhoneSimulator.Build.0 = Debug|Any CPU
		{0D170196-59DC-438B-A51E-CA5F53CDFDD3}.Ad-Hoc|iPhoneSimulator.Deploy.0 = Debug|Any CPU
		{0D170196-59DC-438B-A51E-CA5F53CDFDD3}.AppStore|Any CPU.ActiveCfg = Debug|Any CPU
		{0D170196-59DC-438B-A51E-CA5F53CDFDD3}.AppStore|Any CPU.Build.0 = Debug|Any CPU
		{0D170196-59DC-438B-A51E-CA5F53CDFDD3}.AppStore|Any CPU.Deploy.0 = Debug|Any CPU
		{0D170196-59DC-438B-A51E-CA5F53CDFDD3}.AppStore|iPhone.ActiveCfg = Debug|Any CPU
		{0D170196-59DC-438B-A51E-CA5F53CDFDD3}.AppStore|iPhone.Build.0 = Debug|Any CPU
		{0D170196-59DC-438B-A51E-CA5F53CDFDD3}.AppStore|iPhone.Deploy.0 = Debug|Any CPU
		{0D170196-59DC-438B-A51E-CA5F53CDFDD3}.AppStore|iPhoneSimulator.ActiveCfg = Debug|Any CPU
		{0D170196-59DC-438B-A51E-CA5F53CDFDD3}.AppStore|iPhoneSimulator.Build.0 = Debug|Any CPU
		{0D170196-59DC-438B-A51E-CA5F53CDFDD3}.AppStore|iPhoneSimulator.Deploy.0 = Debug|Any CPU
		{0D170196-59DC-438B-A51E-CA5F53CDFDD3}.Debug|Any CPU.ActiveCfg = Debug|Any CPU
		{0D170196-59DC-438B-A51E-CA5F53CDFDD3}.Debug|Any CPU.Build.0 = Debug|Any CPU
		{0D170196-59DC-438B-A51E-CA5F53CDFDD3}.Debug|Any CPU.Deploy.0 = Debug|Any CPU
		{0D170196-59DC-438B-A51E-CA5F53CDFDD3}.Debug|iPhone.ActiveCfg = Debug|Any CPU
		{0D170196-59DC-438B-A51E-CA5F53CDFDD3}.Debug|iPhone.Build.0 = Debug|Any CPU
		{0D170196-59DC-438B-A51E-CA5F53CDFDD3}.Debug|iPhone.Deploy.0 = Debug|Any CPU
		{0D170196-59DC-438B-A51E-CA5F53CDFDD3}.Debug|iPhoneSimulator.ActiveCfg = Debug|Any CPU
		{0D170196-59DC-438B-A51E-CA5F53CDFDD3}.Debug|iPhoneSimulator.Build.0 = Debug|Any CPU
		{0D170196-59DC-438B-A51E-CA5F53CDFDD3}.Debug|iPhoneSimulator.Deploy.0 = Debug|Any CPU
		{0D170196-59DC-438B-A51E-CA5F53CDFDD3}.Release|Any CPU.ActiveCfg = Release|Any CPU
		{0D170196-59DC-438B-A51E-CA5F53CDFDD3}.Release|Any CPU.Build.0 = Release|Any CPU
		{0D170196-59DC-438B-A51E-CA5F53CDFDD3}.Release|Any CPU.Deploy.0 = Release|Any CPU
		{0D170196-59DC-438B-A51E-CA5F53CDFDD3}.Release|iPhone.ActiveCfg = Release|Any CPU
		{0D170196-59DC-438B-A51E-CA5F53CDFDD3}.Release|iPhone.Build.0 = Release|Any CPU
		{0D170196-59DC-438B-A51E-CA5F53CDFDD3}.Release|iPhone.Deploy.0 = Release|Any CPU
		{0D170196-59DC-438B-A51E-CA5F53CDFDD3}.Release|iPhoneSimulator.ActiveCfg = Release|Any CPU
		{0D170196-59DC-438B-A51E-CA5F53CDFDD3}.Release|iPhoneSimulator.Build.0 = Release|Any CPU
		{0D170196-59DC-438B-A51E-CA5F53CDFDD3}.Release|iPhoneSimulator.Deploy.0 = Release|Any CPU
	EndGlobalSection
	GlobalSection(SolutionProperties) = preSolution
		HideSolutionNode = FALSE
	EndGlobalSection
	GlobalSection(ExtensibilityGlobals) = postSolution
		SolutionGuid = {228AF109-93E3-4C51-AB90-E15F731C8028}
	EndGlobalSection
EndGlobal
